
Microsoft Visual Studio Solution File, Format Version 12.00
# Visual Studio Version 17
VisualStudioVersion = 17.14.36202.13 d17.14
MinimumVisualStudioVersion = 10.0.40219.1
Project("{FAE04EC0-301F-11D3-BF4B-00C04F79EFBC}") = "Xpectrum-Structure", "Xpectrum-Structure.csproj", "{34E382EE-C2E6-69DD-F969-A6CC177F04A9}"
EndProject
Global
	GlobalSection(SolutionConfigurationPlatforms) = preSolution
		Debug|Any CPU = Debug|Any CPU
		Release|Any CPU = Release|Any CPU
	EndGlobalSection
	GlobalSection(ProjectConfigurationPlatforms) = postSolution
		{34E382EE-C2E6-69DD-F969-A6CC177F04A9}.Debug|Any CPU.ActiveCfg = Debug|Any CPU
		{34E382EE-C2E6-69DD-F969-A6CC177F04A9}.Debug|Any CPU.Build.0 = Debug|Any CPU
		{34E382EE-C2E6-69DD-F969-A6CC177F04A9}.Release|Any CPU.ActiveCfg = Release|Any CPU
		{34E382EE-C2E6-69DD-F969-A6CC177F04A9}.Release|Any CPU.Build.0 = Release|Any CPU
	EndGlobalSection
	GlobalSection(SolutionProperties) = preSolution
		HideSolutionNode = FALSE
	EndGlobalSection
	GlobalSection(ExtensibilityGlobals) = postSolution
		SolutionGuid = {03910CD6-264A-4FCC-A774-562DA6D1D071}
	EndGlobalSection
EndGlobal
